
Microsoft Visual Studio Solution File, Format Version 12.00
# Visual Studio Version 17
VisualStudioVersion = 17.6.33829.357
MinimumVisualStudioVersion = 10.0.40219.1
Project("{8BC9CEB8-8B4A-11D0-8D11-00A0C91BC942}") = "tinh hieu", "tinh hieu\tinh hieu.vcxproj", "{1FDE8C44-6C2E-4329-8267-B36753993EBC}"
EndProject
Global
	GlobalSection(SolutionConfigurationPlatforms) = preSolution
		Debug|x64 = Debug|x64
		Debug|x86 = Debug|x86
		Release|x64 = Release|x64
		Release|x86 = Release|x86
	EndGlobalSection
	GlobalSection(ProjectConfigurationPlatforms) = postSolution
		{1FDE8C44-6C2E-4329-8267-B36753993EBC}.Debug|x64.ActiveCfg = Debug|x64
		{1FDE8C44-6C2E-4329-8267-B36753993EBC}.Debug|x64.Build.0 = Debug|x64
		{1FDE8C44-6C2E-4329-8267-B36753993EBC}.Debug|x86.ActiveCfg = Debug|Win32
		{1FDE8C44-6C2E-4329-8267-B36753993EBC}.Debug|x86.Build.0 = Debug|Win32
		{1FDE8C44-6C2E-4329-8267-B36753993EBC}.Release|x64.ActiveCfg = Release|x64
		{1FDE8C44-6C2E-4329-8267-B36753993EBC}.Release|x64.Build.0 = Release|x64
		{1FDE8C44-6C2E-4329-8267-B36753993EBC}.Release|x86.ActiveCfg = Release|Win32
		{1FDE8C44-6C2E-4329-8267-B36753993EBC}.Release|x86.Build.0 = Release|Win32
	EndGlobalSection
	GlobalSection(SolutionProperties) = preSolution
		HideSolutionNode = FALSE
	EndGlobalSection
	GlobalSection(ExtensibilityGlobals) = postSolution
		SolutionGuid = {D9D4E9A6-5EF5-447C-9852-0039C8E33AA0}
	EndGlobalSection
EndGlobal
